{
  "meteor": {},
  "dependencies": {
    "basePackages": {
      "iron-router-progress": {},
      "bootstrap-3": {},
      "accounts-ui-bootstrap-3": {},
      "autoform": {},
      "collection2": {}
    },
    "packages": {
      "iron-router-progress": {
        "git": "https://github.com/Multiply/iron-router-progress.git",
        "tag": "v0.2.0",
        "commit": "ce730d1d26feadb7c75ea25f22c5bfdb0c549a8b"
      },
      "bootstrap-3": {
        "git": "https://github.com/mangasocial/meteor-bootstrap-3.git",
        "tag": "v3.1.0-1",
        "commit": "329dccb08bfc18c635676dea600ac9953162cda9"
      },
      "accounts-ui-bootstrap-3": {
        "git": "https://github.com/mangasocial/meteor-accounts-ui-bootstrap-3.git",
        "tag": "v0.2.5",
        "commit": "91cd37a1320213dd209c3a668bf542eeb9c39a00"
      },
      "autoform": {
        "git": "https://github.com/aldeed/meteor-autoform.git",
        "tag": "v0.4.18",
        "commit": "991efc809b959e77d94796f47ca6c5b1e5c2c6e2"
      },
      "collection2": {
        "git": "https://github.com/aldeed/meteor-collection2.git",
        "tag": "v0.3.8",
        "commit": "69aff2a21ba3c382f915e1f9dbcca2ad38edb6d5"
      },
      "iron-router": {
        "git": "https://github.com/EventedMind/iron-router.git",
        "tag": "v0.6.4",
        "commit": "927bbaed1b87894fb6fb70807f74ff3a5bd89f29"
      },
      "simple-schema": {
        "git": "https://github.com/aldeed/meteor-simple-schema.git",
        "tag": "v0.2.39",
        "commit": "02afc77cba60ce5829e453567ebac76e4b69bc81"
      },
      "moment": {
        "git": "https://github.com/acreeger/meteor-moment.git",
        "tag": "v2.5.1",
        "commit": "8c9bc5d3fc96705057737cb9743d555417f6e551"
      }
    }
  }
}
